
Microsoft Visual Studio Solution File, Format Version 12.00
# Visual Studio Version 17
VisualStudioVersion = 17.9.34714.143
MinimumVisualStudioVersion = 10.0.40219.1
Project("{FAE04EC0-301F-11D3-BF4B-00C04F79EFBC}") = "Assessment2", "Assessment2\Assessment2.csproj", "{CE3DBE45-519F-4C56-A4F4-F579C3BD51F2}"
EndProject
Global
	GlobalSection(SolutionConfigurationPlatforms) = preSolution
		Debug|Any CPU = Debug|Any CPU
		Release|Any CPU = Release|Any CPU
	EndGlobalSection
	GlobalSection(ProjectConfigurationPlatforms) = postSolution
		{CE3DBE45-519F-4C56-A4F4-F579C3BD51F2}.Debug|Any CPU.ActiveCfg = Debug|Any CPU
		{CE3DBE45-519F-4C56-A4F4-F579C3BD51F2}.Debug|Any CPU.Build.0 = Debug|Any CPU
		{CE3DBE45-519F-4C56-A4F4-F579C3BD51F2}.Release|Any CPU.ActiveCfg = Release|Any CPU
		{CE3DBE45-519F-4C56-A4F4-F579C3BD51F2}.Release|Any CPU.Build.0 = Release|Any CPU
	EndGlobalSection
	GlobalSection(SolutionProperties) = preSolution
		HideSolutionNode = FALSE
	EndGlobalSection
	GlobalSection(ExtensibilityGlobals) = postSolution
		SolutionGuid = {E54B904F-0585-4B8F-8FB7-DFB4F3DABFD0}
	EndGlobalSection
EndGlobal
